
Microsoft Visual Studio Solution File, Format Version 12.00
# Visual Studio 15
VisualStudioVersion = 15.0.27004.2006
MinimumVisualStudioVersion = 10.0.40219.1
Project("{9A19103F-16F7-4668-BE54-9A1E7A4F7556}") = "01.Box", "01.Box\01.Box.csproj", "{B59AAC3D-C1F6-405B-9A9F-1E3921E75A0E}"
EndProject
Project("{9A19103F-16F7-4668-BE54-9A1E7A4F7556}") = "02.AnimalFarm", "02.AnimalFarm\02.AnimalFarm.csproj", "{A47266F3-F78F-4221-A221-4BB5C1719F86}"
EndProject
Project("{9A19103F-16F7-4668-BE54-9A1E7A4F7556}") = "03.ShoppingSpree", "03.ShoppingSpree\03.ShoppingSpree.csproj", "{401112D9-20AC-4FE3-83EB-40800EF4CCFD}"
EndProject
Project("{FAE04EC0-301F-11D3-BF4B-00C04F79EFBC}") = "04.PizzaCalories", "04.PizzaCalories\04.PizzaCalories.csproj", "{7F8A13B5-39C6-4259-AEC6-B327F666F2A2}"
EndProject
Global
	GlobalSection(SolutionConfigurationPlatforms) = preSolution
		Debug|Any CPU = Debug|Any CPU
		Release|Any CPU = Release|Any CPU
	EndGlobalSection
	GlobalSection(ProjectConfigurationPlatforms) = postSolution
		{B59AAC3D-C1F6-405B-9A9F-1E3921E75A0E}.Debug|Any CPU.ActiveCfg = Debug|Any CPU
		{B59AAC3D-C1F6-405B-9A9F-1E3921E75A0E}.Debug|Any CPU.Build.0 = Debug|Any CPU
		{B59AAC3D-C1F6-405B-9A9F-1E3921E75A0E}.Release|Any CPU.ActiveCfg = Release|Any CPU
		{B59AAC3D-C1F6-405B-9A9F-1E3921E75A0E}.Release|Any CPU.Build.0 = Release|Any CPU
		{A47266F3-F78F-4221-A221-4BB5C1719F86}.Debug|Any CPU.ActiveCfg = Debug|Any CPU
		{A47266F3-F78F-4221-A221-4BB5C1719F86}.Debug|Any CPU.Build.0 = Debug|Any CPU
		{A47266F3-F78F-4221-A221-4BB5C1719F86}.Release|Any CPU.ActiveCfg = Release|Any CPU
		{A47266F3-F78F-4221-A221-4BB5C1719F86}.Release|Any CPU.Build.0 = Release|Any CPU
		{401112D9-20AC-4FE3-83EB-40800EF4CCFD}.Debug|Any CPU.ActiveCfg = Debug|Any CPU
		{401112D9-20AC-4FE3-83EB-40800EF4CCFD}.Debug|Any CPU.Build.0 = Debug|Any CPU
		{401112D9-20AC-4FE3-83EB-40800EF4CCFD}.Release|Any CPU.ActiveCfg = Release|Any CPU
		{401112D9-20AC-4FE3-83EB-40800EF4CCFD}.Release|Any CPU.Build.0 = Release|Any CPU
		{7F8A13B5-39C6-4259-AEC6-B327F666F2A2}.Debug|Any CPU.ActiveCfg = Debug|Any CPU
		{7F8A13B5-39C6-4259-AEC6-B327F666F2A2}.Debug|Any CPU.Build.0 = Debug|Any CPU
		{7F8A13B5-39C6-4259-AEC6-B327F666F2A2}.Release|Any CPU.ActiveCfg = Release|Any CPU
		{7F8A13B5-39C6-4259-AEC6-B327F666F2A2}.Release|Any CPU.Build.0 = Release|Any CPU
	EndGlobalSection
	GlobalSection(SolutionProperties) = preSolution
		HideSolutionNode = FALSE
	EndGlobalSection
	GlobalSection(ExtensibilityGlobals) = postSolution
		SolutionGuid = {2081371C-9798-438F-9620-C92390D3FC95}
	EndGlobalSection
EndGlobal
