
Microsoft Visual Studio Solution File, Format Version 12.00
# Visual Studio 15
VisualStudioVersion = 15.0.27004.2006
MinimumVisualStudioVersion = 10.0.40219.1
Project("{9A19103F-16F7-4668-BE54-9A1E7A4F7556}") = "Forum.App", "Forum.App.csproj", "{E219AB05-4D6F-4A34-AEC6-03E43BB3F36A}"
EndProject
Project("{FAE04EC0-301F-11D3-BF4B-00C04F79EFBC}") = "Forum.Library", "..\Forum.Library\Forum.Library.csproj", "{7F7107AD-CDA5-4501-A657-F9A6E4D4491C}"
EndProject
Global
	GlobalSection(SolutionConfigurationPlatforms) = preSolution
		Debug|Any CPU = Debug|Any CPU
		Release|Any CPU = Release|Any CPU
	EndGlobalSection
	GlobalSection(ProjectConfigurationPlatforms) = postSolution
		{E219AB05-4D6F-4A34-AEC6-03E43BB3F36A}.Debug|Any CPU.ActiveCfg = Debug|Any CPU
		{E219AB05-4D6F-4A34-AEC6-03E43BB3F36A}.Debug|Any CPU.Build.0 = Debug|Any CPU
		{E219AB05-4D6F-4A34-AEC6-03E43BB3F36A}.Release|Any CPU.ActiveCfg = Release|Any CPU
		{E219AB05-4D6F-4A34-AEC6-03E43BB3F36A}.Release|Any CPU.Build.0 = Release|Any CPU
		{7F7107AD-CDA5-4501-A657-F9A6E4D4491C}.Debug|Any CPU.ActiveCfg = Debug|Any CPU
		{7F7107AD-CDA5-4501-A657-F9A6E4D4491C}.Debug|Any CPU.Build.0 = Debug|Any CPU
		{7F7107AD-CDA5-4501-A657-F9A6E4D4491C}.Release|Any CPU.ActiveCfg = Release|Any CPU
		{7F7107AD-CDA5-4501-A657-F9A6E4D4491C}.Release|Any CPU.Build.0 = Release|Any CPU
	EndGlobalSection
	GlobalSection(SolutionProperties) = preSolution
		HideSolutionNode = FALSE
	EndGlobalSection
	GlobalSection(ExtensibilityGlobals) = postSolution
		SolutionGuid = {AF8753EC-89D3-4B16-AE36-A6F50A001E20}
	EndGlobalSection
EndGlobal
